
Microsoft Visual Studio Solution File, Format Version 12.00
# Visual Studio Version 17
VisualStudioVersion = 17.7.34031.279
MinimumVisualStudioVersion = 10.0.40219.1
Project("{FAE04EC0-301F-11D3-BF4B-00C04F79EFBC}") = "IntroToCodespaces", "IntroToCodespaces\IntroToCodespaces.csproj", "{56DE8ED1-B75C-4269-BB90-6F0E47A68E65}"
EndProject
Global
	GlobalSection(SolutionConfigurationPlatforms) = preSolution
		Debug|Any CPU = Debug|Any CPU
		Release|Any CPU = Release|Any CPU
	EndGlobalSection
	GlobalSection(ProjectConfigurationPlatforms) = postSolution
		{56DE8ED1-B75C-4269-BB90-6F0E47A68E65}.Debug|Any CPU.ActiveCfg = Debug|Any CPU
		{56DE8ED1-B75C-4269-BB90-6F0E47A68E65}.Debug|Any CPU.Build.0 = Debug|Any CPU
		{56DE8ED1-B75C-4269-BB90-6F0E47A68E65}.Release|Any CPU.ActiveCfg = Release|Any CPU
		{56DE8ED1-B75C-4269-BB90-6F0E47A68E65}.Release|Any CPU.Build.0 = Release|Any CPU
	EndGlobalSection
	GlobalSection(SolutionProperties) = preSolution
		HideSolutionNode = FALSE
	EndGlobalSection
	GlobalSection(ExtensibilityGlobals) = postSolution
		SolutionGuid = {A9F57DB1-4C23-4566-AC83-C11776D50722}
	EndGlobalSection
EndGlobal
